
Microsoft Visual Studio Solution File, Format Version 12.00
# Visual Studio Version 16
VisualStudioVersion = 16.0.29709.97
MinimumVisualStudioVersion = 10.0.40219.1
Project("{9A19103F-16F7-4668-BE54-9A1E7A4F7556}") = "cenv", "cenv\cenv.csproj", "{AEC5EF55-4206-48EF-8854-14F01730C099}"
EndProject
Project("{FAE04EC0-301F-11D3-BF4B-00C04F79EFBC}") = "cenv.tests", "cenv.tests\cenv.tests.csproj", "{F09FB729-2066-40D1-8F3D-83E80BD6EA28}"
EndProject
Global
	GlobalSection(SolutionConfigurationPlatforms) = preSolution
		Debug|Any CPU = Debug|Any CPU
		Release|Any CPU = Release|Any CPU
	EndGlobalSection
	GlobalSection(ProjectConfigurationPlatforms) = postSolution
		{AEC5EF55-4206-48EF-8854-14F01730C099}.Debug|Any CPU.ActiveCfg = Debug|Any CPU
		{AEC5EF55-4206-48EF-8854-14F01730C099}.Debug|Any CPU.Build.0 = Debug|Any CPU
		{AEC5EF55-4206-48EF-8854-14F01730C099}.Release|Any CPU.ActiveCfg = Release|Any CPU
		{AEC5EF55-4206-48EF-8854-14F01730C099}.Release|Any CPU.Build.0 = Release|Any CPU
		{F09FB729-2066-40D1-8F3D-83E80BD6EA28}.Debug|Any CPU.ActiveCfg = Debug|Any CPU
		{F09FB729-2066-40D1-8F3D-83E80BD6EA28}.Debug|Any CPU.Build.0 = Debug|Any CPU
		{F09FB729-2066-40D1-8F3D-83E80BD6EA28}.Release|Any CPU.ActiveCfg = Release|Any CPU
		{F09FB729-2066-40D1-8F3D-83E80BD6EA28}.Release|Any CPU.Build.0 = Release|Any CPU
	EndGlobalSection
	GlobalSection(SolutionProperties) = preSolution
		HideSolutionNode = FALSE
	EndGlobalSection
	GlobalSection(ExtensibilityGlobals) = postSolution
		SolutionGuid = {0687A8DB-4249-4645-AC38-78706E001AD7}
	EndGlobalSection
EndGlobal
